
Microsoft Visual Studio Solution File, Format Version 12.00
# Visual Studio Version 17
VisualStudioVersion = 17.0.32112.339
MinimumVisualStudioVersion = 10.0.40219.1
Project("{9A19103F-16F7-4668-BE54-9A1E7A4F7556}") = "MatchResultsProcessor", "MatchResultsProcessor\MatchResultsProcessor.csproj", "{C0A503AE-E70A-4FC7-BE43-6D2A149F3E31}"
EndProject
Project("{9A19103F-16F7-4668-BE54-9A1E7A4F7556}") = "FileReaderTests", "FileReaderTests\FileReaderTests.csproj", "{5D3BFC42-799A-4726-986F-FDFA05865044}"
EndProject
Project("{9A19103F-16F7-4668-BE54-9A1E7A4F7556}") = "FileProcessorTests", "FileProcessorTests\FileProcessorTests.csproj", "{29D16A12-2EFC-437E-962F-9D7C32CD963C}"
EndProject
Project("{FAE04EC0-301F-11D3-BF4B-00C04F79EFBC}") = "LeagueCalculatorTests", "LeagueCalculatorTests\LeagueCalculatorTests.csproj", "{3A7023AF-80D8-477F-BF15-637C21693105}"
EndProject
Project("{FAE04EC0-301F-11D3-BF4B-00C04F79EFBC}") = "GameResultCalculatorTests", "GameResultCalculatorTests\GameResultCalculatorTests.csproj", "{CBEB88A6-EC51-47C9-8D50-CC252948D821}"
EndProject
Global
	GlobalSection(SolutionConfigurationPlatforms) = preSolution
		Debug|Any CPU = Debug|Any CPU
		Release|Any CPU = Release|Any CPU
	EndGlobalSection
	GlobalSection(ProjectConfigurationPlatforms) = postSolution
		{C0A503AE-E70A-4FC7-BE43-6D2A149F3E31}.Debug|Any CPU.ActiveCfg = Debug|Any CPU
		{C0A503AE-E70A-4FC7-BE43-6D2A149F3E31}.Debug|Any CPU.Build.0 = Debug|Any CPU
		{C0A503AE-E70A-4FC7-BE43-6D2A149F3E31}.Release|Any CPU.ActiveCfg = Release|Any CPU
		{C0A503AE-E70A-4FC7-BE43-6D2A149F3E31}.Release|Any CPU.Build.0 = Release|Any CPU
		{5D3BFC42-799A-4726-986F-FDFA05865044}.Debug|Any CPU.ActiveCfg = Debug|Any CPU
		{5D3BFC42-799A-4726-986F-FDFA05865044}.Debug|Any CPU.Build.0 = Debug|Any CPU
		{5D3BFC42-799A-4726-986F-FDFA05865044}.Release|Any CPU.ActiveCfg = Release|Any CPU
		{5D3BFC42-799A-4726-986F-FDFA05865044}.Release|Any CPU.Build.0 = Release|Any CPU
		{29D16A12-2EFC-437E-962F-9D7C32CD963C}.Debug|Any CPU.ActiveCfg = Debug|Any CPU
		{29D16A12-2EFC-437E-962F-9D7C32CD963C}.Debug|Any CPU.Build.0 = Debug|Any CPU
		{29D16A12-2EFC-437E-962F-9D7C32CD963C}.Release|Any CPU.ActiveCfg = Release|Any CPU
		{29D16A12-2EFC-437E-962F-9D7C32CD963C}.Release|Any CPU.Build.0 = Release|Any CPU
		{3A7023AF-80D8-477F-BF15-637C21693105}.Debug|Any CPU.ActiveCfg = Debug|Any CPU
		{3A7023AF-80D8-477F-BF15-637C21693105}.Debug|Any CPU.Build.0 = Debug|Any CPU
		{3A7023AF-80D8-477F-BF15-637C21693105}.Release|Any CPU.ActiveCfg = Release|Any CPU
		{3A7023AF-80D8-477F-BF15-637C21693105}.Release|Any CPU.Build.0 = Release|Any CPU
		{CBEB88A6-EC51-47C9-8D50-CC252948D821}.Debug|Any CPU.ActiveCfg = Debug|Any CPU
		{CBEB88A6-EC51-47C9-8D50-CC252948D821}.Debug|Any CPU.Build.0 = Debug|Any CPU
		{CBEB88A6-EC51-47C9-8D50-CC252948D821}.Release|Any CPU.ActiveCfg = Release|Any CPU
		{CBEB88A6-EC51-47C9-8D50-CC252948D821}.Release|Any CPU.Build.0 = Release|Any CPU
	EndGlobalSection
	GlobalSection(SolutionProperties) = preSolution
		HideSolutionNode = FALSE
	EndGlobalSection
	GlobalSection(ExtensibilityGlobals) = postSolution
		SolutionGuid = {7C9274B2-F675-49F8-8045-167CDCC23377}
	EndGlobalSection
EndGlobal
